
Microsoft Visual Studio Solution File, Format Version 12.00
# Visual Studio Version 17
VisualStudioVersion = 17.6.33801.468
MinimumVisualStudioVersion = 10.0.40219.1
Project("{9A19103F-16F7-4668-BE54-9A1E7A4F7556}") = "PaymentApplyProject.Domain", "PaymentApplyProject.Domain\PaymentApplyProject.Domain.csproj", "{F1C606AC-63DA-437E-9DD4-3F6A7577DB4D}"
EndProject
Project("{9A19103F-16F7-4668-BE54-9A1E7A4F7556}") = "PaymentApplyProject.Application", "PaymentApplyProject.Application\PaymentApplyProject.Application.csproj", "{CDE5D189-5A5E-4328-88CA-A1D3B6EBE9CA}"
EndProject
Project("{9A19103F-16F7-4668-BE54-9A1E7A4F7556}") = "PaymentApplyProject.Infrastructure", "PaymentApplyProject.Infrastructure\PaymentApplyProject.Infrastructure.csproj", "{06156D20-FA3A-42C7-931E-5393924EBD9D}"
EndProject
Project("{9A19103F-16F7-4668-BE54-9A1E7A4F7556}") = "PaymentApplyProject.Persistence", "PaymentApplyProject.Persistence\PaymentApplyProject.Persistence.csproj", "{95B0EC9F-6CB3-458F-B9ED-846DFF9AA882}"
EndProject
Project("{9A19103F-16F7-4668-BE54-9A1E7A4F7556}") = "PaymentApplyProject.Web", "PaymentApplyProject.Web\PaymentApplyProject.Web.csproj", "{9AE383B0-98BA-4A10-AE37-B03D9A87749A}"
EndProject
Global
	GlobalSection(SolutionConfigurationPlatforms) = preSolution
		Debug|Any CPU = Debug|Any CPU
		Release|Any CPU = Release|Any CPU
	EndGlobalSection
	GlobalSection(ProjectConfigurationPlatforms) = postSolution
		{F1C606AC-63DA-437E-9DD4-3F6A7577DB4D}.Debug|Any CPU.ActiveCfg = Debug|Any CPU
		{F1C606AC-63DA-437E-9DD4-3F6A7577DB4D}.Debug|Any CPU.Build.0 = Debug|Any CPU
		{F1C606AC-63DA-437E-9DD4-3F6A7577DB4D}.Release|Any CPU.ActiveCfg = Release|Any CPU
		{F1C606AC-63DA-437E-9DD4-3F6A7577DB4D}.Release|Any CPU.Build.0 = Release|Any CPU
		{CDE5D189-5A5E-4328-88CA-A1D3B6EBE9CA}.Debug|Any CPU.ActiveCfg = Debug|Any CPU
		{CDE5D189-5A5E-4328-88CA-A1D3B6EBE9CA}.Debug|Any CPU.Build.0 = Debug|Any CPU
		{CDE5D189-5A5E-4328-88CA-A1D3B6EBE9CA}.Release|Any CPU.ActiveCfg = Release|Any CPU
		{CDE5D189-5A5E-4328-88CA-A1D3B6EBE9CA}.Release|Any CPU.Build.0 = Release|Any CPU
		{06156D20-FA3A-42C7-931E-5393924EBD9D}.Debug|Any CPU.ActiveCfg = Debug|Any CPU
		{06156D20-FA3A-42C7-931E-5393924EBD9D}.Debug|Any CPU.Build.0 = Debug|Any CPU
		{06156D20-FA3A-42C7-931E-5393924EBD9D}.Release|Any CPU.ActiveCfg = Release|Any CPU
		{06156D20-FA3A-42C7-931E-5393924EBD9D}.Release|Any CPU.Build.0 = Release|Any CPU
		{95B0EC9F-6CB3-458F-B9ED-846DFF9AA882}.Debug|Any CPU.ActiveCfg = Debug|Any CPU
		{95B0EC9F-6CB3-458F-B9ED-846DFF9AA882}.Debug|Any CPU.Build.0 = Debug|Any CPU
		{95B0EC9F-6CB3-458F-B9ED-846DFF9AA882}.Release|Any CPU.ActiveCfg = Release|Any CPU
		{95B0EC9F-6CB3-458F-B9ED-846DFF9AA882}.Release|Any CPU.Build.0 = Release|Any CPU
		{9AE383B0-98BA-4A10-AE37-B03D9A87749A}.Debug|Any CPU.ActiveCfg = Debug|Any CPU
		{9AE383B0-98BA-4A10-AE37-B03D9A87749A}.Debug|Any CPU.Build.0 = Debug|Any CPU
		{9AE383B0-98BA-4A10-AE37-B03D9A87749A}.Release|Any CPU.ActiveCfg = Release|Any CPU
		{9AE383B0-98BA-4A10-AE37-B03D9A87749A}.Release|Any CPU.Build.0 = Release|Any CPU
	EndGlobalSection
	GlobalSection(SolutionProperties) = preSolution
		HideSolutionNode = FALSE
	EndGlobalSection
	GlobalSection(ExtensibilityGlobals) = postSolution
		SolutionGuid = {11D8D08B-E0F3-451E-A2C1-B53A3C4EBB16}
	EndGlobalSection
EndGlobal
